
Microsoft Visual Studio Solution File, Format Version 12.00
# Visual Studio 14
VisualStudioVersion = 14.0.25123.0
MinimumVisualStudioVersion = 10.0.40219.1
Project("{FAE04EC0-301F-11D3-BF4B-00C04F79EFBC}") = "Task1", "EPAM.Summer.Day10-11.Zheldak\Task1.csproj", "{0E30D1F3-C1F5-409B-830C-046F4B4189DE}"
EndProject
Project("{FAE04EC0-301F-11D3-BF4B-00C04F79EFBC}") = "Task1.Test", "Task1.Test\Task1.Test.csproj", "{5B86784B-F8CF-4234-84D0-F67D3C245CD6}"
EndProject
Project("{FAE04EC0-301F-11D3-BF4B-00C04F79EFBC}") = "Task2", "Task2\Task2.csproj", "{7AE8FED4-5AD9-4723-9507-BB40E449581D}"
EndProject
Project("{FAE04EC0-301F-11D3-BF4B-00C04F79EFBC}") = "Task2.Test", "Task2.Test\Task2.Test.csproj", "{3E24BCA4-5542-4DBE-AC08-4BD1EDF07FBE}"
EndProject
Project("{FAE04EC0-301F-11D3-BF4B-00C04F79EFBC}") = "Task3", "Task3\Task3.csproj", "{BE4EEF88-C97A-46B3-BF42-0C968C30F7CB}"
EndProject
Project("{FAE04EC0-301F-11D3-BF4B-00C04F79EFBC}") = "Task3.Test", "Task3.Test\Task3.Test.csproj", "{92DAA99A-86D3-490D-AFDE-E2576F911FF5}"
EndProject
Project("{FAE04EC0-301F-11D3-BF4B-00C04F79EFBC}") = "Task4", "Task4\Task4.csproj", "{92A3E7D9-6ABB-4567-BA05-FBF655D7B463}"
EndProject
Project("{FAE04EC0-301F-11D3-BF4B-00C04F79EFBC}") = "Task4.Test", "Task4.Test\Task4.Test.csproj", "{0CD91DCA-B036-43B7-9419-C402A1D5004F}"
EndProject
Project("{FAE04EC0-301F-11D3-BF4B-00C04F79EFBC}") = "Task_Book", "..\..\EPAM.Summer.Day7.Zheldak\Task_Book\Task_Book\Task_Book.csproj", "{D240562A-785B-42E9-89A3-94DAE5AAAEA0}"
EndProject
Project("{FAE04EC0-301F-11D3-BF4B-00C04F79EFBC}") = "Task5", "Task5\Task5.csproj", "{8AC0B4B1-AD2D-497C-9933-5A5F945A1E33}"
EndProject
Global
	GlobalSection(SolutionConfigurationPlatforms) = preSolution
		Debug|Any CPU = Debug|Any CPU
		Release|Any CPU = Release|Any CPU
	EndGlobalSection
	GlobalSection(ProjectConfigurationPlatforms) = postSolution
		{0E30D1F3-C1F5-409B-830C-046F4B4189DE}.Debug|Any CPU.ActiveCfg = Debug|Any CPU
		{0E30D1F3-C1F5-409B-830C-046F4B4189DE}.Debug|Any CPU.Build.0 = Debug|Any CPU
		{0E30D1F3-C1F5-409B-830C-046F4B4189DE}.Release|Any CPU.ActiveCfg = Release|Any CPU
		{0E30D1F3-C1F5-409B-830C-046F4B4189DE}.Release|Any CPU.Build.0 = Release|Any CPU
		{5B86784B-F8CF-4234-84D0-F67D3C245CD6}.Debug|Any CPU.ActiveCfg = Debug|Any CPU
		{5B86784B-F8CF-4234-84D0-F67D3C245CD6}.Debug|Any CPU.Build.0 = Debug|Any CPU
		{5B86784B-F8CF-4234-84D0-F67D3C245CD6}.Release|Any CPU.ActiveCfg = Release|Any CPU
		{5B86784B-F8CF-4234-84D0-F67D3C245CD6}.Release|Any CPU.Build.0 = Release|Any CPU
		{7AE8FED4-5AD9-4723-9507-BB40E449581D}.Debug|Any CPU.ActiveCfg = Debug|Any CPU
		{7AE8FED4-5AD9-4723-9507-BB40E449581D}.Debug|Any CPU.Build.0 = Debug|Any CPU
		{7AE8FED4-5AD9-4723-9507-BB40E449581D}.Release|Any CPU.ActiveCfg = Release|Any CPU
		{7AE8FED4-5AD9-4723-9507-BB40E449581D}.Release|Any CPU.Build.0 = Release|Any CPU
		{3E24BCA4-5542-4DBE-AC08-4BD1EDF07FBE}.Debug|Any CPU.ActiveCfg = Debug|Any CPU
		{3E24BCA4-5542-4DBE-AC08-4BD1EDF07FBE}.Debug|Any CPU.Build.0 = Debug|Any CPU
		{3E24BCA4-5542-4DBE-AC08-4BD1EDF07FBE}.Release|Any CPU.ActiveCfg = Release|Any CPU
		{3E24BCA4-5542-4DBE-AC08-4BD1EDF07FBE}.Release|Any CPU.Build.0 = Release|Any CPU
		{BE4EEF88-C97A-46B3-BF42-0C968C30F7CB}.Debug|Any CPU.ActiveCfg = Debug|Any CPU
		{BE4EEF88-C97A-46B3-BF42-0C968C30F7CB}.Debug|Any CPU.Build.0 = Debug|Any CPU
		{BE4EEF88-C97A-46B3-BF42-0C968C30F7CB}.Release|Any CPU.ActiveCfg = Release|Any CPU
		{BE4EEF88-C97A-46B3-BF42-0C968C30F7CB}.Release|Any CPU.Build.0 = Release|Any CPU
		{92DAA99A-86D3-490D-AFDE-E2576F911FF5}.Debug|Any CPU.ActiveCfg = Debug|Any CPU
		{92DAA99A-86D3-490D-AFDE-E2576F911FF5}.Debug|Any CPU.Build.0 = Debug|Any CPU
		{92DAA99A-86D3-490D-AFDE-E2576F911FF5}.Release|Any CPU.ActiveCfg = Release|Any CPU
		{92DAA99A-86D3-490D-AFDE-E2576F911FF5}.Release|Any CPU.Build.0 = Release|Any CPU
		{92A3E7D9-6ABB-4567-BA05-FBF655D7B463}.Debug|Any CPU.ActiveCfg = Debug|Any CPU
		{92A3E7D9-6ABB-4567-BA05-FBF655D7B463}.Debug|Any CPU.Build.0 = Debug|Any CPU
		{92A3E7D9-6ABB-4567-BA05-FBF655D7B463}.Release|Any CPU.ActiveCfg = Release|Any CPU
		{92A3E7D9-6ABB-4567-BA05-FBF655D7B463}.Release|Any CPU.Build.0 = Release|Any CPU
		{0CD91DCA-B036-43B7-9419-C402A1D5004F}.Debug|Any CPU.ActiveCfg = Debug|Any CPU
		{0CD91DCA-B036-43B7-9419-C402A1D5004F}.Debug|Any CPU.Build.0 = Debug|Any CPU
		{0CD91DCA-B036-43B7-9419-C402A1D5004F}.Release|Any CPU.ActiveCfg = Release|Any CPU
		{0CD91DCA-B036-43B7-9419-C402A1D5004F}.Release|Any CPU.Build.0 = Release|Any CPU
		{D240562A-785B-42E9-89A3-94DAE5AAAEA0}.Debug|Any CPU.ActiveCfg = Debug|Any CPU
		{D240562A-785B-42E9-89A3-94DAE5AAAEA0}.Debug|Any CPU.Build.0 = Debug|Any CPU
		{D240562A-785B-42E9-89A3-94DAE5AAAEA0}.Release|Any CPU.ActiveCfg = Release|Any CPU
		{D240562A-785B-42E9-89A3-94DAE5AAAEA0}.Release|Any CPU.Build.0 = Release|Any CPU
		{8AC0B4B1-AD2D-497C-9933-5A5F945A1E33}.Debug|Any CPU.ActiveCfg = Debug|Any CPU
		{8AC0B4B1-AD2D-497C-9933-5A5F945A1E33}.Debug|Any CPU.Build.0 = Debug|Any CPU
		{8AC0B4B1-AD2D-497C-9933-5A5F945A1E33}.Release|Any CPU.ActiveCfg = Release|Any CPU
		{8AC0B4B1-AD2D-497C-9933-5A5F945A1E33}.Release|Any CPU.Build.0 = Release|Any CPU
	EndGlobalSection
	GlobalSection(SolutionProperties) = preSolution
		HideSolutionNode = FALSE
	EndGlobalSection
EndGlobal
